
Microsoft Visual Studio Solution File, Format Version 12.00
# Visual Studio Version 16
VisualStudioVersion = 16.0.30320.27
MinimumVisualStudioVersion = 10.0.40219.1
Project("{FAE04EC0-301F-11D3-BF4B-00C04F79EFBC}") = "sobreEscritaMetodos", "sobreEscritaMetodos\sobreEscritaMetodos.csproj", "{EB29378F-29CD-47DE-9C71-64FCDF655CCC}"
EndProject
Global
	GlobalSection(SolutionConfigurationPlatforms) = preSolution
		Debug|Any CPU = Debug|Any CPU
		Release|Any CPU = Release|Any CPU
	EndGlobalSection
	GlobalSection(ProjectConfigurationPlatforms) = postSolution
		{EB29378F-29CD-47DE-9C71-64FCDF655CCC}.Debug|Any CPU.ActiveCfg = Debug|Any CPU
		{EB29378F-29CD-47DE-9C71-64FCDF655CCC}.Debug|Any CPU.Build.0 = Debug|Any CPU
		{EB29378F-29CD-47DE-9C71-64FCDF655CCC}.Release|Any CPU.ActiveCfg = Release|Any CPU
		{EB29378F-29CD-47DE-9C71-64FCDF655CCC}.Release|Any CPU.Build.0 = Release|Any CPU
	EndGlobalSection
	GlobalSection(SolutionProperties) = preSolution
		HideSolutionNode = FALSE
	EndGlobalSection
	GlobalSection(ExtensibilityGlobals) = postSolution
		SolutionGuid = {5A39D585-868E-47E0-A75E-FA733EC8335B}
	EndGlobalSection
EndGlobal
